
Microsoft Visual Studio Solution File, Format Version 12.00
# Visual Studio Version 17
VisualStudioVersion = 17.9.34728.123
MinimumVisualStudioVersion = 10.0.40219.1
Project("{FAE04EC0-301F-11D3-BF4B-00C04F79EFBC}") = "Reportin_Programm", "Reportin_Programm\Reportin_Programm.csproj", "{7B1F3102-777F-48FB-999D-4A78453AC437}"
EndProject
Global
	GlobalSection(SolutionConfigurationPlatforms) = preSolution
		Debug|Any CPU = Debug|Any CPU
		Release|Any CPU = Release|Any CPU
	EndGlobalSection
	GlobalSection(ProjectConfigurationPlatforms) = postSolution
		{7B1F3102-777F-48FB-999D-4A78453AC437}.Debug|Any CPU.ActiveCfg = Debug|Any CPU
		{7B1F3102-777F-48FB-999D-4A78453AC437}.Debug|Any CPU.Build.0 = Debug|Any CPU
		{7B1F3102-777F-48FB-999D-4A78453AC437}.Release|Any CPU.ActiveCfg = Release|Any CPU
		{7B1F3102-777F-48FB-999D-4A78453AC437}.Release|Any CPU.Build.0 = Release|Any CPU
	EndGlobalSection
	GlobalSection(SolutionProperties) = preSolution
		HideSolutionNode = FALSE
	EndGlobalSection
	GlobalSection(ExtensibilityGlobals) = postSolution
		SolutionGuid = {50AB1890-C5FE-4D31-9D26-63409F77E8DF}
	EndGlobalSection
EndGlobal
